// !$*UTF8*$!
{
	archiveVersion = 1;
	classes = {
	};
	objectVersion = 46;
	objects = {

/* Begin PBXBuildFile section */
		2B06C88C1D1D1904003177B7 /* Product.swift in Sources */ = {isa = PBXBuildFile; fileRef = 2B06C88A1D1D1904003177B7 /* Product.swift */; };
		2B06C88F1D1D383C003177B7 /* ProductsListReader.swift in Sources */ = {isa = PBXBuildFile; fileRef = 2B06C88E1D1D383C003177B7 /* ProductsListReader.swift */; };
		2B5AB11C1D154604006A9A59 /* AppDelegate.swift in Sources */ = {isa = PBXBuildFile; fileRef = 2B5AB11B1D154604006A9A59 /* AppDelegate.swift */; };
		2B5AB1211D154604006A9A59 /* Main.storyboard in Resources */ = {isa = PBXBuildFile; fileRef = 2B5AB11F1D154604006A9A59 /* Main.storyboard */; };
		2B5AB1241D154604006A9A59 /* Poil.xcdatamodeld in Sources */ = {isa = PBXBuildFile; fileRef = 2B5AB1221D154604006A9A59 /* Poil.xcdatamodeld */; };
		2B5AB1261D154604006A9A59 /* Assets.xcassets in Resources */ = {isa = PBXBuildFile; fileRef = 2B5AB1251D154604006A9A59 /* Assets.xcassets */; };
		2B5AB1291D154604006A9A59 /* LaunchScreen.storyboard in Resources */ = {isa = PBXBuildFile; fileRef = 2B5AB1271D154604006A9A59 /* LaunchScreen.storyboard */; };
		2B5AB1531D155547006A9A59 /* PoilProductsTableViewController.swift in Sources */ = {isa = PBXBuildFile; fileRef = 2B5AB1521D155547006A9A59 /* PoilProductsTableViewController.swift */; };
		2B5AB1551D1555DD006A9A59 /* PoilProductTableViewCell.swift in Sources */ = {isa = PBXBuildFile; fileRef = 2B5AB1541D1555DD006A9A59 /* PoilProductTableViewCell.swift */; };
		2B5AB1571D157861006A9A59 /* ProductsModel.swift in Sources */ = {isa = PBXBuildFile; fileRef = 2B5AB1561D157861006A9A59 /* ProductsModel.swift */; };
		2B7254B41D2174F700BBD213 /* Product+CoreDataProperties.swift in Sources */ = {isa = PBXBuildFile; fileRef = 2B7254B31D2174F700BBD213 /* Product+CoreDataProperties.swift */; };
		2B7254B81D23CC0300BBD213 /* FullScreenImageViewController.swift in Sources */ = {isa = PBXBuildFile; fileRef = 2B7254B71D23CC0300BBD213 /* FullScreenImageViewController.swift */; };
/* End PBXBuildFile section */

/* Begin PBXFileReference section */
		2B06C88A1D1D1904003177B7 /* Product.swift */ = {isa = PBXFileReference; fileEncoding = 4; lastKnownFileType = sourcecode.swift; path = Product.swift; sourceTree = "<group>"; };
		2B06C88E1D1D383C003177B7 /* ProductsListReader.swift */ = {isa = PBXFileReference; fileEncoding = 4; lastKnownFileType = sourcecode.swift; path = ProductsListReader.swift; sourceTree = "<group>"; };
		2B5AB1181D154604006A9A59 /* Poil.app */ = {isa = PBXFileReference; explicitFileType = wrapper.application; includeInIndex = 0; path = Poil.app; sourceTree = BUILT_PRODUCTS_DIR; };
		2B5AB11B1D154604006A9A59 /* AppDelegate.swift */ = {isa = PBXFileReference; lastKnownFileType = sourcecode.swift; path = AppDelegate.swift; sourceTree = "<group>"; };
		2B5AB1201D154604006A9A59 /* Base */ = {isa = PBXFileReference; lastKnownFileType = file.storyboard; name = Base; path = Base.lproj/Main.storyboard; sourceTree = "<group>"; };
		2B5AB1231D154604006A9A59 /* Poil.xcdatamodel */ = {isa = PBXFileReference; lastKnownFileType = wrapper.xcdatamodel; path = Poil.xcdatamodel; sourceTree = "<group>"; };
		2B5AB1251D154604006A9A59 /* Assets.xcassets */ = {isa = PBXFileReference; lastKnownFileType = folder.assetcatalog; path = Assets.xcassets; sourceTree = "<group>"; };
		2B5AB1281D154604006A9A59 /* Base */ = {isa = PBXFileReference; lastKnownFileType = file.storyboard; name = Base; path = Base.lproj/LaunchScreen.storyboard; sourceTree = "<group>"; };
		2B5AB12A1D154604006A9A59 /* Info.plist */ = {isa = PBXFileReference; lastKnownFileType = text.plist.xml; path = Info.plist; sourceTree = "<group>"; };
		2B5AB1521D155547006A9A59 /* PoilProductsTableViewController.swift */ = {isa = PBXFileReference; fileEncoding = 4; lastKnownFileType = sourcecode.swift; path = PoilProductsTableViewController.swift; sourceTree = "<group>"; };
		2B5AB1541D1555DD006A9A59 /* PoilProductTableViewCell.swift */ = {isa = PBXFileReference; fileEncoding = 4; lastKnownFileType = sourcecode.swift; path = PoilProductTableViewCell.swift; sourceTree = "<group>"; };
		2B5AB1561D157861006A9A59 /* ProductsModel.swift */ = {isa = PBXFileReference; fileEncoding = 4; lastKnownFileType = sourcecode.swift; path = ProductsModel.swift; sourceTree = "<group>"; };
		2B7254B31D2174F700BBD213 /* Product+CoreDataProperties.swift */ = {isa = PBXFileReference; fileEncoding = 4; lastKnownFileType = sourcecode.swift; path = "Product+CoreDataProperties.swift"; sourceTree = "<group>"; };
		2B7254B71D23CC0300BBD213 /* FullScreenImageViewController.swift */ = {isa = PBXFileReference; fileEncoding = 4; lastKnownFileType = sourcecode.swift; path = FullScreenImageViewController.swift; sourceTree = "<group>"; };
/* End PBXFileReference section */

/* Begin PBXFrameworksBuildPhase section */
		2B5AB1151D154604006A9A59 /* Frameworks */ = {
			isa = PBXFrameworksBuildPhase;
			buildActionMask = 2147483647;
			files = (
			);
			runOnlyForDeploymentPostprocessing = 0;
		};
/* End PBXFrameworksBuildPhase section */

/* Begin PBXGroup section */
		2B06C88D1D1D1909003177B7 /* Core Data */ = {
			isa = PBXGroup;
			children = (
				2B7254B31D2174F700BBD213 /* Product+CoreDataProperties.swift */,
				2B06C88A1D1D1904003177B7 /* Product.swift */,
				2B5AB1221D154604006A9A59 /* Poil.xcdatamodeld */,
			);
			name = "Core Data";
			sourceTree = "<group>";
		};
		2B06C8901D1D3853003177B7 /* Model */ = {
			isa = PBXGroup;
			children = (
				2B5AB1561D157861006A9A59 /* ProductsModel.swift */,
				2B06C88E1D1D383C003177B7 /* ProductsListReader.swift */,
			);
			name = Model;
			sourceTree = "<group>";
		};
		2B5AB10F1D154604006A9A59 = {
			isa = PBXGroup;
			children = (
				2B5AB11A1D154604006A9A59 /* Poil */,
				2B5AB1191D154604006A9A59 /* Products */,
			);
			sourceTree = "<group>";
		};
		2B5AB1191D154604006A9A59 /* Products */ = {
			isa = PBXGroup;
			children = (
				2B5AB1181D154604006A9A59 /* Poil.app */,
			);
			name = Products;
			sourceTree = "<group>";
		};
		2B5AB11A1D154604006A9A59 /* Poil */ = {
			isa = PBXGroup;
			children = (
				2B06C8901D1D3853003177B7 /* Model */,
				2B5AB11F1D154604006A9A59 /* Main.storyboard */,
				2B7254B71D23CC0300BBD213 /* FullScreenImageViewController.swift */,
				2B5AB1541D1555DD006A9A59 /* PoilProductTableViewCell.swift */,
				2B5AB1521D155547006A9A59 /* PoilProductsTableViewController.swift */,
				2B06C88D1D1D1909003177B7 /* Core Data */,
				2B5AB1301D154626006A9A59 /* Supporting Files */,
			);
			path = Poil;
			sourceTree = "<group>";
		};
		2B5AB1301D154626006A9A59 /* Supporting Files */ = {
			isa = PBXGroup;
			children = (
				2B5AB11B1D154604006A9A59 /* AppDelegate.swift */,
				2B5AB1251D154604006A9A59 /* Assets.xcassets */,
				2B5AB1271D154604006A9A59 /* LaunchScreen.storyboard */,
				2B5AB12A1D154604006A9A59 /* Info.plist */,
			);
			name = "Supporting Files";
			sourceTree = "<group>";
		};
/* End PBXGroup section */

/* Begin PBXNativeTarget section */
		2B5AB1171D154604006A9A59 /* Poil */ = {
			isa = PBXNativeTarget;
			buildConfigurationList = 2B5AB12D1D154604006A9A59 /* Build configuration list for PBXNativeTarget "Poil" */;
			buildPhases = (
				2B5AB1141D154604006A9A59 /* Sources */,
				2B5AB1151D154604006A9A59 /* Frameworks */,
				2B5AB1161D154604006A9A59 /* Resources */,
			);
			buildRules = (
			);
			dependencies = (
			);
			name = Poil;
			productName = Poil;
			productReference = 2B5AB1181D154604006A9A59 /* Poil.app */;
			productType = "com.apple.product-type.application";
		};
/* End PBXNativeTarget section */

/* Begin PBXProject section */
		2B5AB1101D154604006A9A59 /* Project object */ = {
			isa = PBXProject;
			attributes = {
				LastSwiftUpdateCheck = 0730;
				LastUpgradeCheck = 0730;
				ORGANIZATIONNAME = "Ondrej Mekota";
				TargetAttributes = {
					2B5AB1171D154604006A9A59 = {
						CreatedOnToolsVersion = 7.3.1;
						DevelopmentTeam = QRJ457T9W8;
					};
				};
			};
			buildConfigurationList = 2B5AB1131D154604006A9A59 /* Build configuration list for PBXProject "Poil" */;
			compatibilityVersion = "Xcode 3.2";
			developmentRegion = English;
			hasScannedForEncodings = 0;
			knownRegions = (
				en,
				Base,
			);
			mainGroup = 2B5AB10F1D154604006A9A59;
			productRefGroup = 2B5AB1191D154604006A9A59 /* Products */;
			projectDirPath = "";
			projectRoot = "";
			targets = (
				2B5AB1171D154604006A9A59 /* Poil */,
			);
		};
/* End PBXProject section */

/* Begin PBXResourcesBuildPhase section */
		2B5AB1161D154604006A9A59 /* Resources */ = {
			isa = PBXResourcesBuildPhase;
			buildActionMask = 2147483647;
			files = (
				2B5AB1291D154604006A9A59 /* LaunchScreen.storyboard in Resources */,
				2B5AB1261D154604006A9A59 /* Assets.xcassets in Resources */,
				2B5AB1211D154604006A9A59 /* Main.storyboard in Resources */,
			);
			runOnlyForDeploymentPostprocessing = 0;
		};
/* End PBXResourcesBuildPhase section */

/* Begin PBXSourcesBuildPhase section */
		2B5AB1141D154604006A9A59 /* Sources */ = {
			isa = PBXSourcesBuildPhase;
			buildActionMask = 2147483647;
			files = (
				2B5AB1241D154604006A9A59 /* Poil.xcdatamodeld in Sources */,
				2B5AB1571D157861006A9A59 /* ProductsModel.swift in Sources */,
				2B5AB1551D1555DD006A9A59 /* PoilProductTableViewCell.swift in Sources */,
				2B5AB11C1D154604006A9A59 /* AppDelegate.swift in Sources */,
				2B5AB1531D155547006A9A59 /* PoilProductsTableViewController.swift in Sources */,
				2B06C88F1D1D383C003177B7 /* ProductsListReader.swift in Sources */,
				2B06C88C1D1D1904003177B7 /* Product.swift in Sources */,
				2B7254B41D2174F700BBD213 /* Product+CoreDataProperties.swift in Sources */,
				2B7254B81D23CC0300BBD213 /* FullScreenImageViewController.swift in Sources */,
			);
			runOnlyForDeploymentPostprocessing = 0;
		};
/* End PBXSourcesBuildPhase section */

/* Begin PBXVariantGroup section */
		2B5AB11F1D154604006A9A59 /* Main.storyboard */ = {
			isa = PBXVariantGroup;
			children = (
				2B5AB1201D154604006A9A59 /* Base */,
			);
			name = Main.storyboard;
			sourceTree = "<group>";
		};
		2B5AB1271D154604006A9A59 /* LaunchScreen.storyboard */ = {
			isa = PBXVariantGroup;
			children = (
				2B5AB1281D154604006A9A59 /* Base */,
			);
			name = LaunchScreen.storyboard;
			sourceTree = "<group>";
		};
/* End PBXVariantGroup section */

/* Begin XCBuildConfiguration section */
		2B5AB12B1D154604006A9A59 /* Debug */ = {
			isa = XCBuildConfiguration;
			buildSettings = {
				ALWAYS_SEARCH_USER_PATHS = NO;
				CLANG_ANALYZER_NONNULL = YES;
				CLANG_CXX_LANGUAGE_STANDARD = "gnu++0x";
				CLANG_CXX_LIBRARY = "libc++";
				CLANG_ENABLE_MODULES = YES;
				CLANG_ENABLE_OBJC_ARC = YES;
				CLANG_WARN_BOOL_CONVERSION = YES;
				CLANG_WARN_CONSTANT_CONVERSION = YES;
				CLANG_WARN_DIRECT_OBJC_ISA_USAGE = YES_ERROR;
				CLANG_WARN_EMPTY_BODY = YES;
				CLANG_WARN_ENUM_CONVERSION = YES;
				CLANG_WARN_INT_CONVERSION = YES;
				CLANG_WARN_OBJC_ROOT_CLASS = YES_ERROR;
				CLANG_WARN_UNREACHABLE_CODE = YES;
				CLANG_WARN__DUPLICATE_METHOD_MATCH = YES;
				"CODE_SIGN_IDENTITY[sdk=iphoneos*]" = "iPhone Developer";
				COPY_PHASE_STRIP = NO;
				DEBUG_INFORMATION_FORMAT = dwarf;
				ENABLE_STRICT_OBJC_MSGSEND = YES;
				ENABLE_TESTABILITY = YES;
				GCC_C_LANGUAGE_STANDARD = gnu99;
				GCC_DYNAMIC_NO_PIC = NO;
				GCC_NO_COMMON_BLOCKS = YES;
				GCC_OPTIMIZATION_LEVEL = 0;
				GCC_PREPROCESSOR_DEFINITIONS = (
					"DEBUG=1",
					"$(inherited)",
				);
				GCC_WARN_64_TO_32_BIT_CONVERSION = YES;
				GCC_WARN_ABOUT_RETURN_TYPE = YES_ERROR;
				GCC_WARN_UNDECLARED_SELECTOR = YES;
				GCC_WARN_UNINITIALIZED_AUTOS = YES_AGGRESSIVE;
				GCC_WARN_UNUSED_FUNCTION = YES;
				GCC_WARN_UNUSED_VARIABLE = YES;
				IPHONEOS_DEPLOYMENT_TARGET = 9.3;
				MTL_ENABLE_DEBUG_INFO = YES;
				ONLY_ACTIVE_ARCH = YES;
				SDKROOT = iphoneos;
				SWIFT_OPTIMIZATION_LEVEL = "-Onone";
				TARGETED_DEVICE_FAMILY = "1,2";
			};
			name = Debug;
		};
		2B5AB12C1D154604006A9A59 /* Release */ = {
			isa = XCBuildConfiguration;
			buildSettings = {
				ALWAYS_SEARCH_USER_PATHS = NO;
				CLANG_ANALYZER_NONNULL = YES;
				CLANG_CXX_LANGUAGE_STANDARD = "gnu++0x";
				CLANG_CXX_LIBRARY = "libc++";
				CLANG_ENABLE_MODULES = YES;
				CLANG_ENABLE_OBJC_ARC = YES;
				CLANG_WARN_BOOL_CONVERSION = YES;
				CLANG_WARN_CONSTANT_CONVERSION = YES;
				CLANG_WARN_DIRECT_OBJC_ISA_USAGE = YES_ERROR;
				CLANG_WARN_EMPTY_BODY = YES;
				CLANG_WARN_ENUM_CONVERSION = YES;
				CLANG_WARN_INT_CONVERSION = YES;
				CLANG_WARN_OBJC_ROOT_CLASS = YES_ERROR;
				CLANG_WARN_UNREACHABLE_CODE = YES;
				CLANG_WARN__DUPLICATE_METHOD_MATCH = YES;
				"CODE_SIGN_IDENTITY[sdk=iphoneos*]" = "iPhone Developer";
				COPY_PHASE_STRIP = NO;
				DEBUG_INFORMATION_FORMAT = "dwarf-with-dsym";
				ENABLE_NS_ASSERTIONS = NO;
				ENABLE_STRICT_OBJC_MSGSEND = YES;
				GCC_C_LANGUAGE_STANDARD = gnu99;
				GCC_NO_COMMON_BLOCKS = YES;
				GCC_WARN_64_TO_32_BIT_CONVERSION = YES;
				GCC_WARN_ABOUT_RETURN_TYPE = YES_ERROR;
				GCC_WARN_UNDECLARED_SELECTOR = YES;
				GCC_WARN_UNINITIALIZED_AUTOS = YES_AGGRESSIVE;
				GCC_WARN_UNUSED_FUNCTION = YES;
				GCC_WARN_UNUSED_VARIABLE = YES;
				IPHONEOS_DEPLOYMENT_TARGET = 9.3;
				MTL_ENABLE_DEBUG_INFO = NO;
				SDKROOT = iphoneos;
				TARGETED_DEVICE_FAMILY = "1,2";
				VALIDATE_PRODUCT = YES;
			};
			name = Release;
		};
		2B5AB12E1D154604006A9A59 /* Debug */ = {
			isa = XCBuildConfiguration;
			buildSettings = {
				ASSETCATALOG_COMPILER_APPICON_NAME = AppIcon;
				CODE_SIGN_IDENTITY = "iPhone Developer";
				"CODE_SIGN_IDENTITY[sdk=iphoneos*]" = "iPhone Developer";
				INFOPLIST_FILE = Poil/Info.plist;
				LD_RUNPATH_SEARCH_PATHS = "$(inherited) @executable_path/Frameworks";
				PRODUCT_BUNDLE_IDENTIFIER = com.ondrejmekota.Poil;
				PRODUCT_NAME = "$(TARGET_NAME)";
				PROVISIONING_PROFILE = "";
			};
			name = Debug;
		};
		2B5AB12F1D154604006A9A59 /* Release */ = {
			isa = XCBuildConfiguration;
			buildSettings = {
				ASSETCATALOG_COMPILER_APPICON_NAME = AppIcon;
				CODE_SIGN_IDENTITY = "iPhone Developer";
				"CODE_SIGN_IDENTITY[sdk=iphoneos*]" = "iPhone Developer";
				INFOPLIST_FILE = Poil/Info.plist;
				LD_RUNPATH_SEARCH_PATHS = "$(inherited) @executable_path/Frameworks";
				PRODUCT_BUNDLE_IDENTIFIER = com.ondrejmekota.Poil;
				PRODUCT_NAME = "$(TARGET_NAME)";
				PROVISIONING_PROFILE = "";
			};
			name = Release;
		};
/* End XCBuildConfiguration section */

/* Begin XCConfigurationList section */
		2B5AB1131D154604006A9A59 /* Build configuration list for PBXProject "Poil" */ = {
			isa = XCConfigurationList;
			buildConfigurations = (
				2B5AB12B1D154604006A9A59 /* Debug */,
				2B5AB12C1D154604006A9A59 /* Release */,
			);
			defaultConfigurationIsVisible = 0;
			defaultConfigurationName = Release;
		};
		2B5AB12D1D154604006A9A59 /* Build configuration list for PBXNativeTarget "Poil" */ = {
			isa = XCConfigurationList;
			buildConfigurations = (
				2B5AB12E1D154604006A9A59 /* Debug */,
				2B5AB12F1D154604006A9A59 /* Release */,
			);
			defaultConfigurationIsVisible = 0;
			defaultConfigurationName = Release;
		};
/* End XCConfigurationList section */

/* Begin XCVersionGroup section */
		2B5AB1221D154604006A9A59 /* Poil.xcdatamodeld */ = {
			isa = XCVersionGroup;
			children = (
				2B5AB1231D154604006A9A59 /* Poil.xcdatamodel */,
			);
			currentVersion = 2B5AB1231D154604006A9A59 /* Poil.xcdatamodel */;
			path = Poil.xcdatamodeld;
			sourceTree = "<group>";
			versionGroupType = wrapper.xcdatamodel;
		};
/* End XCVersionGroup section */
	};
	rootObject = 2B5AB1101D154604006A9A59 /* Project object */;
}
